
Microsoft Visual Studio Solution File, Format Version 12.00
# Visual Studio Version 16
VisualStudioVersion = 16.0.31729.503
MinimumVisualStudioVersion = 10.0.40219.1
Project("{FAE04EC0-301F-11D3-BF4B-00C04F79EFBC}") = "PRR13_Kostin.Android", "PRR13_Kostin\PRR13_Kostin.Android\PRR13_Kostin.Android.csproj", "{85F1CAE5-A9C1-49A7-A3DA-D1E7CAEA49D3}"
EndProject
Project("{FAE04EC0-301F-11D3-BF4B-00C04F79EFBC}") = "PRR13_Kostin.iOS", "PRR13_Kostin\PRR13_Kostin.iOS\PRR13_Kostin.iOS.csproj", "{8494E246-CEBF-481B-8E71-F8837A782EEF}"
EndProject
Project("{FAE04EC0-301F-11D3-BF4B-00C04F79EFBC}") = "PRR13_Kostin", "PRR13_Kostin\PRR13_Kostin\PRR13_Kostin.csproj", "{7368E466-6165-4B08-ACF3-E5E48E7529E2}"
EndProject
Global
	GlobalSection(SolutionConfigurationPlatforms) = preSolution
		Debug|Any CPU = Debug|Any CPU
		Debug|iPhone = Debug|iPhone
		Debug|iPhoneSimulator = Debug|iPhoneSimulator
		Release|Any CPU = Release|Any CPU
		Release|iPhone = Release|iPhone
		Release|iPhoneSimulator = Release|iPhoneSimulator
	EndGlobalSection
	GlobalSection(ProjectConfigurationPlatforms) = postSolution
		{85F1CAE5-A9C1-49A7-A3DA-D1E7CAEA49D3}.Debug|Any CPU.ActiveCfg = Debug|Any CPU
		{85F1CAE5-A9C1-49A7-A3DA-D1E7CAEA49D3}.Debug|Any CPU.Build.0 = Debug|Any CPU
		{85F1CAE5-A9C1-49A7-A3DA-D1E7CAEA49D3}.Debug|Any CPU.Deploy.0 = Debug|Any CPU
		{85F1CAE5-A9C1-49A7-A3DA-D1E7CAEA49D3}.Debug|iPhone.ActiveCfg = Debug|Any CPU
		{85F1CAE5-A9C1-49A7-A3DA-D1E7CAEA49D3}.Debug|iPhone.Build.0 = Debug|Any CPU
		{85F1CAE5-A9C1-49A7-A3DA-D1E7CAEA49D3}.Debug|iPhone.Deploy.0 = Debug|Any CPU
		{85F1CAE5-A9C1-49A7-A3DA-D1E7CAEA49D3}.Debug|iPhoneSimulator.ActiveCfg = Debug|Any CPU
		{85F1CAE5-A9C1-49A7-A3DA-D1E7CAEA49D3}.Debug|iPhoneSimulator.Build.0 = Debug|Any CPU
		{85F1CAE5-A9C1-49A7-A3DA-D1E7CAEA49D3}.Debug|iPhoneSimulator.Deploy.0 = Debug|Any CPU
		{85F1CAE5-A9C1-49A7-A3DA-D1E7CAEA49D3}.Release|Any CPU.ActiveCfg = Release|Any CPU
		{85F1CAE5-A9C1-49A7-A3DA-D1E7CAEA49D3}.Release|Any CPU.Build.0 = Release|Any CPU
		{85F1CAE5-A9C1-49A7-A3DA-D1E7CAEA49D3}.Release|Any CPU.Deploy.0 = Release|Any CPU
		{85F1CAE5-A9C1-49A7-A3DA-D1E7CAEA49D3}.Release|iPhone.ActiveCfg = Release|Any CPU
		{85F1CAE5-A9C1-49A7-A3DA-D1E7CAEA49D3}.Release|iPhone.Build.0 = Release|Any CPU
		{85F1CAE5-A9C1-49A7-A3DA-D1E7CAEA49D3}.Release|iPhone.Deploy.0 = Release|Any CPU
		{85F1CAE5-A9C1-49A7-A3DA-D1E7CAEA49D3}.Release|iPhoneSimulator.ActiveCfg = Release|Any CPU
		{85F1CAE5-A9C1-49A7-A3DA-D1E7CAEA49D3}.Release|iPhoneSimulator.Build.0 = Release|Any CPU
		{85F1CAE5-A9C1-49A7-A3DA-D1E7CAEA49D3}.Release|iPhoneSimulator.Deploy.0 = Release|Any CPU
		{8494E246-CEBF-481B-8E71-F8837A782EEF}.Debug|Any CPU.ActiveCfg = Debug|iPhone
		{8494E246-CEBF-481B-8E71-F8837A782EEF}.Debug|Any CPU.Build.0 = Debug|iPhone
		{8494E246-CEBF-481B-8E71-F8837A782EEF}.Debug|Any CPU.Deploy.0 = Debug|iPhone
		{8494E246-CEBF-481B-8E71-F8837A782EEF}.Debug|iPhone.ActiveCfg = Debug|iPhone
		{8494E246-CEBF-481B-8E71-F8837A782EEF}.Debug|iPhone.Build.0 = Debug|iPhone
		{8494E246-CEBF-481B-8E71-F8837A782EEF}.Debug|iPhone.Deploy.0 = Debug|iPhone
		{8494E246-CEBF-481B-8E71-F8837A782EEF}.Debug|iPhoneSimulator.ActiveCfg = Debug|iPhoneSimulator
		{8494E246-CEBF-481B-8E71-F8837A782EEF}.Debug|iPhoneSimulator.Build.0 = Debug|iPhoneSimulator
		{8494E246-CEBF-481B-8E71-F8837A782EEF}.Debug|iPhoneSimulator.Deploy.0 = Debug|iPhoneSimulator
		{8494E246-CEBF-481B-8E71-F8837A782EEF}.Release|Any CPU.ActiveCfg = Release|iPhoneSimulator
		{8494E246-CEBF-481B-8E71-F8837A782EEF}.Release|Any CPU.Build.0 = Release|iPhoneSimulator
		{8494E246-CEBF-481B-8E71-F8837A782EEF}.Release|Any CPU.Deploy.0 = Release|iPhoneSimulator
		{8494E246-CEBF-481B-8E71-F8837A782EEF}.Release|iPhone.ActiveCfg = Release|iPhone
		{8494E246-CEBF-481B-8E71-F8837A782EEF}.Release|iPhone.Build.0 = Release|iPhone
		{8494E246-CEBF-481B-8E71-F8837A782EEF}.Release|iPhone.Deploy.0 = Release|iPhone
		{8494E246-CEBF-481B-8E71-F8837A782EEF}.Release|iPhoneSimulator.ActiveCfg = Release|iPhoneSimulator
		{8494E246-CEBF-481B-8E71-F8837A782EEF}.Release|iPhoneSimulator.Build.0 = Release|iPhoneSimulator
		{8494E246-CEBF-481B-8E71-F8837A782EEF}.Release|iPhoneSimulator.Deploy.0 = Release|iPhoneSimulator
		{7368E466-6165-4B08-ACF3-E5E48E7529E2}.Debug|Any CPU.ActiveCfg = Debug|Any CPU
		{7368E466-6165-4B08-ACF3-E5E48E7529E2}.Debug|Any CPU.Build.0 = Debug|Any CPU
		{7368E466-6165-4B08-ACF3-E5E48E7529E2}.Debug|Any CPU.Deploy.0 = Debug|Any CPU
		{7368E466-6165-4B08-ACF3-E5E48E7529E2}.Debug|iPhone.ActiveCfg = Debug|Any CPU
		{7368E466-6165-4B08-ACF3-E5E48E7529E2}.Debug|iPhone.Build.0 = Debug|Any CPU
		{7368E466-6165-4B08-ACF3-E5E48E7529E2}.Debug|iPhone.Deploy.0 = Debug|Any CPU
		{7368E466-6165-4B08-ACF3-E5E48E7529E2}.Debug|iPhoneSimulator.ActiveCfg = Debug|Any CPU
		{7368E466-6165-4B08-ACF3-E5E48E7529E2}.Debug|iPhoneSimulator.Build.0 = Debug|Any CPU
		{7368E466-6165-4B08-ACF3-E5E48E7529E2}.Debug|iPhoneSimulator.Deploy.0 = Debug|Any CPU
		{7368E466-6165-4B08-ACF3-E5E48E7529E2}.Release|Any CPU.ActiveCfg = Release|Any CPU
		{7368E466-6165-4B08-ACF3-E5E48E7529E2}.Release|Any CPU.Build.0 = Release|Any CPU
		{7368E466-6165-4B08-ACF3-E5E48E7529E2}.Release|Any CPU.Deploy.0 = Release|Any CPU
		{7368E466-6165-4B08-ACF3-E5E48E7529E2}.Release|iPhone.ActiveCfg = Release|Any CPU
		{7368E466-6165-4B08-ACF3-E5E48E7529E2}.Release|iPhone.Build.0 = Release|Any CPU
		{7368E466-6165-4B08-ACF3-E5E48E7529E2}.Release|iPhone.Deploy.0 = Release|Any CPU
		{7368E466-6165-4B08-ACF3-E5E48E7529E2}.Release|iPhoneSimulator.ActiveCfg = Release|Any CPU
		{7368E466-6165-4B08-ACF3-E5E48E7529E2}.Release|iPhoneSimulator.Build.0 = Release|Any CPU
		{7368E466-6165-4B08-ACF3-E5E48E7529E2}.Release|iPhoneSimulator.Deploy.0 = Release|Any CPU
	EndGlobalSection
	GlobalSection(SolutionProperties) = preSolution
		HideSolutionNode = FALSE
	EndGlobalSection
	GlobalSection(ExtensibilityGlobals) = postSolution
		SolutionGuid = {218F5B1F-1E7F-4877-8B2A-225412632C50}
	EndGlobalSection
EndGlobal
